# This file is generated by running "yarn install" inside your project.
# Manual changes might be lost - proceed with caution!

__metadata:
  version: 6
  cacheKey: 8

"@isaacs/fs-minipass@npm:^4.0.0":
  version: 4.0.1
  resolution: "@isaacs/fs-minipass@npm:4.0.1"
  dependencies:
    minipass: ^7.0.4
  checksum: 5d36d289960e886484362d9eb6a51d1ea28baed5f5d0140bbe62b99bac52eaf06cc01c2bc0d3575977962f84f6b2c4387b043ee632216643d4787b0999465bf2
  languageName: node
  linkType: hard

"@types/body-parser@npm:*":
  version: 1.19.6
  resolution: "@types/body-parser@npm:1.19.6"
  dependencies:
    "@types/connect": "*"
    "@types/node": "*"
  checksum: 33041e88eae00af2cfa0827e951e5f1751eafab2a8b6fce06cd89ef368a988907996436b1325180edaeddd1c0c7d0d0d4c20a6c9ff294a91e0039a9db9e9b658
  languageName: node
  linkType: hard

"@types/connect@npm:*":
  version: 3.4.38
  resolution: "@types/connect@npm:3.4.38"
  dependencies:
    "@types/node": "*"
  checksum: 7eb1bc5342a9604facd57598a6c62621e244822442976c443efb84ff745246b10d06e8b309b6e80130026a396f19bf6793b7cecd7380169f369dac3bfc46fb99
  languageName: node
  linkType: hard

"@types/express-serve-static-core@npm:^4.17.33":
  version: 4.19.8
  resolution: "@types/express-serve-static-core@npm:4.19.8"
  dependencies:
    "@types/node": "*"
    "@types/qs": "*"
    "@types/range-parser": "*"
    "@types/send": "*"
  checksum: 7bb52381a302de5af5af0f1cc8aa8144cdd4c244a7bbd8f989fb06b6a21368481ad52ddcb989e17f818f1cb4ec65c296e2e851b07335bea5ad2124eff80812d7
  languageName: node
  linkType: hard

"@types/express@npm:^4.17.21":
  version: 4.17.25
  resolution: "@types/express@npm:4.17.25"
  dependencies:
    "@types/body-parser": "*"
    "@types/express-serve-static-core": ^4.17.33
    "@types/qs": "*"
    "@types/serve-static": ^1
  checksum: 285d16008489d37b2be03e2e050bcf201d5d6ed9278ca13619d9029efd2055b192b2445f769116f716cfcf53d9d799a03f4e76199af9cea0ea3dee3d88595931
  languageName: node
  linkType: hard

"@types/http-errors@npm:*":
  version: 2.0.5
  resolution: "@types/http-errors@npm:2.0.5"
  checksum: a88da669366bc483e8f3b3eb3d34ada5f8d13eeeef851b1204d77e2ba6fc42aba4566d877cca5c095204a3f4349b87fe397e3e21288837bdd945dd514120755b
  languageName: node
  linkType: hard

"@types/mime@npm:^1":
  version: 1.3.5
  resolution: "@types/mime@npm:1.3.5"
  checksum: e29a5f9c4776f5229d84e525b7cd7dd960b51c30a0fb9a028c0821790b82fca9f672dab56561e2acd9e8eed51d431bde52eafdfef30f643586c4162f1aecfc78
  languageName: node
  linkType: hard

"@types/node@npm:*":
  version: 25.6.0
  resolution: "@types/node@npm:25.6.0"
  dependencies:
    undici-types: ~7.19.0
  checksum: 98945eb59909a08868ccac203022f122b5549448ef8628de9eac3fe20481467cd6ec32af819fd432695f67ac21ebbbc69c8a141de6c6455edaf6e717e2cb89c9
  languageName: node
  linkType: hard

"@types/node@npm:25.5.0":
  version: 25.5.0
  resolution: "@types/node@npm:25.5.0"
  dependencies:
    undici-types: ~7.18.0
  checksum: ea0908794d5c011f4f2b5d2e93737ae047ff4a9fd1ec6da27e13a1f976d8d0e029830ddf2d4177e00a2601307e8bbc06e7b4cb3e29e889489d42dd44b49c796a
  languageName: node
  linkType: hard

"@types/qs@npm:*":
  version: 6.15.0
  resolution: "@types/qs@npm:6.15.0"
  checksum: 871162881f1c83e61d0c8c243c65549be5dddf33a6911f3324edeebd4087207b1174644da9a3afaa20cf494c5288d2a1ece09e10e4822f755339f14a05c339ea
  languageName: node
  linkType: hard

"@types/range-parser@npm:*":
  version: 1.2.7
  resolution: "@types/range-parser@npm:1.2.7"
  checksum: 95640233b689dfbd85b8c6ee268812a732cf36d5affead89e806fe30da9a430767af8ef2cd661024fd97e19d61f3dec75af2df5e80ec3bea000019ab7028629a
  languageName: node
  linkType: hard

"@types/send@npm:*":
  version: 1.2.1
  resolution: "@types/send@npm:1.2.1"
  dependencies:
    "@types/node": "*"
  checksum: 3b8388edeec77ae62f7bbc384c98ca06140614e4ef34fc04b35824f19937f472f8ff3785e83570e0d40e6d7c934c015d4831c82a74a1ade0d9676720835702c5
  languageName: node
  linkType: hard

"@types/send@npm:<1":
  version: 0.17.6
  resolution: "@types/send@npm:0.17.6"
  dependencies:
    "@types/mime": ^1
    "@types/node": "*"
  checksum: 5bd287f1357380963eb4b12daef5c8982f52a3269308ff3414304074d4ad7f05fe466f2cb476f54798096877ad3c5343692978776bd674b25261ecbeab87640f
  languageName: node
  linkType: hard

"@types/serve-static@npm:^1":
  version: 1.15.10
  resolution: "@types/serve-static@npm:1.15.10"
  dependencies:
    "@types/http-errors": "*"
    "@types/node": "*"
    "@types/send": <1
  checksum: f216eef2aaf2c8eff09f431c420c5c2989eaf0dfc15d106db9fb64c14577a4059af24fb0ae2eba7984d6360950c8cbc1fb52f65608106477729d251481bc96fe
  languageName: node
  linkType: hard

"abbrev@npm:^4.0.0":
  version: 4.0.0
  resolution: "abbrev@npm:4.0.0"
  checksum: d0344b63d28e763f259b4898c41bdc92c08e9d06d0da5617d0bbe4d78244e46daea88c510a2f9472af59b031d9060ec1a999653144e793fd029a59dae2f56dc8
  languageName: node
  linkType: hard

"accepts@npm:~1.3.8":
  version: 1.3.8
  resolution: "accepts@npm:1.3.8"
  dependencies:
    mime-types: ~2.1.34
    negotiator: 0.6.3
  checksum: 50c43d32e7b50285ebe84b613ee4a3aa426715a7d131b65b786e2ead0fd76b6b60091b9916d3478a75f11f162628a2139991b6c03ab3f1d9ab7c86075dc8eab4
  languageName: node
  linkType: hard

"array-flatten@npm:1.1.1":
  version: 1.1.1
  resolution: "array-flatten@npm:1.1.1"
  checksum: a9925bf3512d9dce202112965de90c222cd59a4fbfce68a0951d25d965cf44642931f40aac72309c41f12df19afa010ecadceb07cfff9ccc1621e99d89ab5f3b
  languageName: node
  linkType: hard

"async-function@npm:^1.0.0":
  version: 1.0.0
  resolution: "async-function@npm:1.0.0"
  checksum: 9102e246d1ed9b37ac36f57f0a6ca55226876553251a31fc80677e71471f463a54c872dc78d5d7f80740c8ba624395cccbe8b60f7b690c4418f487d8e9fd1106
  languageName: node
  linkType: hard

"async-generator-function@npm:^1.0.0":
  version: 1.0.0
  resolution: "async-generator-function@npm:1.0.0"
  checksum: 74a71a4a2dd7afd06ebb612f6d612c7f4766a351bedffde466023bf6dae629e46b0d2cd38786239e0fbf245de0c7df76035465e16d1213774a0efb22fec0d713
  languageName: node
  linkType: hard

"base64-js@npm:^1.3.1":
  version: 1.5.1
  resolution: "base64-js@npm:1.5.1"
  checksum: 669632eb3745404c2f822a18fc3a0122d2f9a7a13f7fb8b5823ee19d1d2ff9ee5b52c53367176ea4ad093c332fd5ab4bd0ebae5a8e27917a4105a4cfc86b1005
  languageName: node
  linkType: hard

"better-sqlite3@npm:^11.8.1":
  version: 11.10.0
  resolution: "better-sqlite3@npm:11.10.0"
  dependencies:
    bindings: ^1.5.0
    node-gyp: latest
    prebuild-install: ^7.1.1
  checksum: 4ee0d0f4eee88028f82a2ac104411c72ca6672e1046bbab11844090f719aa2ca2eff167440952310875cef8ae0ec9e3e30e2e94a212933b6e37372375b317357
  languageName: node
  linkType: hard

"bindings@npm:^1.5.0":
  version: 1.5.0
  resolution: "bindings@npm:1.5.0"
  dependencies:
    file-uri-to-path: 1.0.0
  checksum: 65b6b48095717c2e6105a021a7da4ea435aa8d3d3cd085cb9e85bcb6e5773cf318c4745c3f7c504412855940b585bdf9b918236612a1c7a7942491de176f1ae7
  languageName: node
  linkType: hard

"bl@npm:^4.0.3":
  version: 4.1.0
  resolution: "bl@npm:4.1.0"
  dependencies:
    buffer: ^5.5.0
    inherits: ^2.0.4
    readable-stream: ^3.4.0
  checksum: 9e8521fa7e83aa9427c6f8ccdcba6e8167ef30cc9a22df26effcc5ab682ef91d2cbc23a239f945d099289e4bbcfae7a192e9c28c84c6202e710a0dfec3722662
  languageName: node
  linkType: hard

"body-parser@npm:~1.20.3":
  version: 1.20.5
  resolution: "body-parser@npm:1.20.5"
  dependencies:
    bytes: ~3.1.2
    content-type: ~1.0.5
    debug: 2.6.9
    depd: 2.0.0
    destroy: ~1.2.0
    http-errors: ~2.0.1
    iconv-lite: ~0.4.24
    on-finished: ~2.4.1
    qs: ~6.15.1
    raw-body: ~2.5.3
    type-is: ~1.6.18
    unpipe: ~1.0.0
  checksum: f108e1c8b513c33b8848d0fa26ad97f086ae0e338a49d6e1b7013071a8e6ac8c74792fc9ff019aa519cdb9d98484a485191ddd151085d0710dd1533f5ca0c9bd
  languageName: node
  linkType: hard

"buffer@npm:^5.5.0":
  version: 5.7.1
  resolution: "buffer@npm:5.7.1"
  dependencies:
    base64-js: ^1.3.1
    ieee754: ^1.1.13
  checksum: e2cf8429e1c4c7b8cbd30834ac09bd61da46ce35f5c22a78e6c2f04497d6d25541b16881e30a019c6fd3154150650ccee27a308eff3e26229d788bbdeb08ab84
  languageName: node
  linkType: hard

"bytes@npm:~3.1.2":
  version: 3.1.2
  resolution: "bytes@npm:3.1.2"
  checksum: e4bcd3948d289c5127591fbedf10c0b639ccbf00243504e4e127374a15c3bc8eed0d28d4aaab08ff6f1cf2abc0cce6ba3085ed32f4f90e82a5683ce0014e1b6e
  languageName: node
  linkType: hard

"call-bind-apply-helpers@npm:^1.0.1, call-bind-apply-helpers@npm:^1.0.2":
  version: 1.0.2
  resolution: "call-bind-apply-helpers@npm:1.0.2"
  dependencies:
    es-errors: ^1.3.0
    function-bind: ^1.1.2
  checksum: b2863d74fcf2a6948221f65d95b91b4b2d90cfe8927650b506141e669f7d5de65cea191bf788838bc40d13846b7886c5bc5c84ab96c3adbcf88ad69a72fcdc6b
  languageName: node
  linkType: hard

"call-bound@npm:^1.0.2":
  version: 1.0.4
  resolution: "call-bound@npm:1.0.4"
  dependencies:
    call-bind-apply-helpers: ^1.0.2
    get-intrinsic: ^1.3.0
  checksum: 2f6399488d1c272f56306ca60ff696575e2b7f31daf23bc11574798c84d9f2759dceb0cb1f471a85b77f28962a7ac6411f51d283ea2e45319009a19b6ccab3b2
  languageName: node
  linkType: hard

"chokidar@npm:5.0.0":
  version: 5.0.0
  resolution: "chokidar@npm:5.0.0"
  dependencies:
    readdirp: ^5.0.0
  checksum: 48c0d510d84c228acae24dcf4418d55193ae0fd6cf2d114a3cf893ea68cca95f1876e1b02353a275b0b0b5f933f7c5b5bf126063211c0c8c30b213dd03328897
  languageName: node
  linkType: hard

"chownr@npm:^1.1.1":
  version: 1.1.4
  resolution: "chownr@npm:1.1.4"
  checksum: 115648f8eb38bac5e41c3857f3e663f9c39ed6480d1349977c4d96c95a47266fcacc5a5aabf3cb6c481e22d72f41992827db47301851766c4fd77ac21a4f081d
  languageName: node
  linkType: hard

"chownr@npm:^3.0.0":
  version: 3.0.0
  resolution: "chownr@npm:3.0.0"
  checksum: fd73a4bab48b79e66903fe1cafbdc208956f41ea4f856df883d0c7277b7ab29fd33ee65f93b2ec9192fc0169238f2f8307b7735d27c155821d886b84aa97aa8d
  languageName: node
  linkType: hard

"content-disposition@npm:~0.5.4":
  version: 0.5.4
  resolution: "content-disposition@npm:0.5.4"
  dependencies:
    safe-buffer: 5.2.1
  checksum: afb9d545e296a5171d7574fcad634b2fdf698875f4006a9dd04a3e1333880c5c0c98d47b560d01216fb6505a54a2ba6a843ee3a02ec86d7e911e8315255f56c3
  languageName: node
  linkType: hard

"content-type@npm:~1.0.4, content-type@npm:~1.0.5":
  version: 1.0.5
  resolution: "content-type@npm:1.0.5"
  checksum: 566271e0a251642254cde0f845f9dd4f9856e52d988f4eb0d0dcffbb7a1f8ec98de7a5215fc628f3bce30fe2fb6fd2bc064b562d721658c59b544e2d34ea2766
  languageName: node
  linkType: hard

"cookie-signature@npm:~1.0.6":
  version: 1.0.7
  resolution: "cookie-signature@npm:1.0.7"
  checksum: 1a62808cd30d15fb43b70e19829b64d04b0802d8ef00275b57d152de4ae6a3208ca05c197b6668d104c4d9de389e53ccc2d3bc6bcaaffd9602461417d8c40710
  languageName: node
  linkType: hard

"cookie@npm:~0.7.1":
  version: 0.7.2
  resolution: "cookie@npm:0.7.2"
  checksum: 9bf8555e33530affd571ea37b615ccad9b9a34febbf2c950c86787088eb00a8973690833b0f8ebd6b69b753c62669ea60cec89178c1fb007bf0749abed74f93e
  languageName: node
  linkType: hard

"debug@npm:2.6.9":
  version: 2.6.9
  resolution: "debug@npm:2.6.9"
  dependencies:
    ms: 2.0.0
  checksum: d2f51589ca66df60bf36e1fa6e4386b318c3f1e06772280eea5b1ae9fd3d05e9c2b7fd8a7d862457d00853c75b00451aa2d7459b924629ee385287a650f58fe6
  languageName: node
  linkType: hard

"decompress-response@npm:^6.0.0":
  version: 6.0.0
  resolution: "decompress-response@npm:6.0.0"
  dependencies:
    mimic-response: ^3.1.0
  checksum: d377cf47e02d805e283866c3f50d3d21578b779731e8c5072d6ce8c13cc31493db1c2f6784da9d1d5250822120cefa44f1deab112d5981015f2e17444b763812
  languageName: node
  linkType: hard

"deep-extend@npm:^0.6.0":
  version: 0.6.0
  resolution: "deep-extend@npm:0.6.0"
  checksum: 7be7e5a8d468d6b10e6a67c3de828f55001b6eb515d014f7aeb9066ce36bd5717161eb47d6a0f7bed8a9083935b465bc163ee2581c8b128d29bf61092fdf57a7
  languageName: node
  linkType: hard

"depd@npm:2.0.0, depd@npm:~2.0.0":
  version: 2.0.0
  resolution: "depd@npm:2.0.0"
  checksum: abbe19c768c97ee2eed6282d8ce3031126662252c58d711f646921c9623f9052e3e1906443066beec1095832f534e57c523b7333f8e7e0d93051ab6baef5ab3a
  languageName: node
  linkType: hard

"destroy@npm:1.2.0, destroy@npm:~1.2.0":
  version: 1.2.0
  resolution: "destroy@npm:1.2.0"
  checksum: 0acb300b7478a08b92d810ab229d5afe0d2f4399272045ab22affa0d99dbaf12637659411530a6fcd597a9bdac718fc94373a61a95b4651bbc7b83684a565e38
  languageName: node
  linkType: hard

"detect-libc@npm:^2.0.0":
  version: 2.1.2
  resolution: "detect-libc@npm:2.1.2"
  checksum: 471740d52365084c4b2ae359e507b863f2b1d79b08a92835ebdf701918e08fc9cfba175b3db28483ca33b155e1311a91d69dc42c6d192b476f41a9e1f094ce6a
  languageName: node
  linkType: hard

"dunder-proto@npm:^1.0.1":
  version: 1.0.1
  resolution: "dunder-proto@npm:1.0.1"
  dependencies:
    call-bind-apply-helpers: ^1.0.1
    es-errors: ^1.3.0
    gopd: ^1.2.0
  checksum: 149207e36f07bd4941921b0ca929e3a28f1da7bd6b6ff8ff7f4e2f2e460675af4576eeba359c635723dc189b64cdd4787e0255897d5b135ccc5d15cb8685fc90
  languageName: node
  linkType: hard

"ee-first@npm:1.1.1":
  version: 1.1.1
  resolution: "ee-first@npm:1.1.1"
  checksum: 1b4cac778d64ce3b582a7e26b218afe07e207a0f9bfe13cc7395a6d307849cfe361e65033c3251e00c27dd060cab43014c2d6b2647676135e18b77d2d05b3f4f
  languageName: node
  linkType: hard

"encodeurl@npm:~2.0.0":
  version: 2.0.0
  resolution: "encodeurl@npm:2.0.0"
  checksum: abf5cd51b78082cf8af7be6785813c33b6df2068ce5191a40ca8b1afe6a86f9230af9a9ce694a5ce4665955e5c1120871826df9c128a642e09c58d592e2807fe
  languageName: node
  linkType: hard

"end-of-stream@npm:^1.1.0, end-of-stream@npm:^1.4.1":
  version: 1.4.5
  resolution: "end-of-stream@npm:1.4.5"
  dependencies:
    once: ^1.4.0
  checksum: 1e0cfa6e7f49887544e03314f9dfc56a8cb6dde910cbb445983ecc2ff426fc05946df9d75d8a21a3a64f2cecfe1bf88f773952029f46756b2ed64a24e95b1fb8
  languageName: node
  linkType: hard

"env-paths@npm:^2.2.0":
  version: 2.2.1
  resolution: "env-paths@npm:2.2.1"
  checksum: 65b5df55a8bab92229ab2b40dad3b387fad24613263d103a97f91c9fe43ceb21965cd3392b1ccb5d77088021e525c4e0481adb309625d0cb94ade1d1fb8dc17e
  languageName: node
  linkType: hard

"es-define-property@npm:^1.0.1":
  version: 1.0.1
  resolution: "es-define-property@npm:1.0.1"
  checksum: 0512f4e5d564021c9e3a644437b0155af2679d10d80f21adaf868e64d30efdfbd321631956f20f42d655fedb2e3a027da479fad3fa6048f768eb453a80a5f80a
  languageName: node
  linkType: hard

"es-errors@npm:^1.3.0":
  version: 1.3.0
  resolution: "es-errors@npm:1.3.0"
  checksum: ec1414527a0ccacd7f15f4a3bc66e215f04f595ba23ca75cdae0927af099b5ec865f9f4d33e9d7e86f512f252876ac77d4281a7871531a50678132429b1271b5
  languageName: node
  linkType: hard

"es-object-atoms@npm:^1.0.0, es-object-atoms@npm:^1.1.1":
  version: 1.1.1
  resolution: "es-object-atoms@npm:1.1.1"
  dependencies:
    es-errors: ^1.3.0
  checksum: 214d3767287b12f36d3d7267ef342bbbe1e89f899cfd67040309fc65032372a8e60201410a99a1645f2f90c1912c8c49c8668066f6bdd954bcd614dda2e3da97
  languageName: node
  linkType: hard

"escape-html@npm:~1.0.3":
  version: 1.0.3
  resolution: "escape-html@npm:1.0.3"
  checksum: 6213ca9ae00d0ab8bccb6d8d4e0a98e76237b2410302cf7df70aaa6591d509a2a37ce8998008cbecae8fc8ffaadf3fb0229535e6a145f3ce0b211d060decbb24
  languageName: node
  linkType: hard

"etag@npm:~1.8.1":
  version: 1.8.1
  resolution: "etag@npm:1.8.1"
  checksum: 571aeb3dbe0f2bbd4e4fadbdb44f325fc75335cd5f6f6b6a091e6a06a9f25ed5392f0863c5442acb0646787446e816f13cbfc6edce5b07658541dff573cab1ff
  languageName: node
  linkType: hard

"expand-template@npm:^2.0.3":
  version: 2.0.3
  resolution: "expand-template@npm:2.0.3"
  checksum: 588c19847216421ed92befb521767b7018dc88f88b0576df98cb242f20961425e96a92cbece525ef28cc5becceae5d544ae0f5b9b5e2aa05acb13716ca5b3099
  languageName: node
  linkType: hard

"exponential-backoff@npm:^3.1.1":
  version: 3.1.3
  resolution: "exponential-backoff@npm:3.1.3"
  checksum: 471fdb70fd3d2c08a74a026973bdd4105b7832911f610ca67bbb74e39279411c1eed2f2a110c9d41c2edd89459ba58fdaba1c174beed73e7a42d773882dcff82
  languageName: node
  linkType: hard

"express@npm:^4.21.2":
  version: 4.22.1
  resolution: "express@npm:4.22.1"
  dependencies:
    accepts: ~1.3.8
    array-flatten: 1.1.1
    body-parser: ~1.20.3
    content-disposition: ~0.5.4
    content-type: ~1.0.4
    cookie: ~0.7.1
    cookie-signature: ~1.0.6
    debug: 2.6.9
    depd: 2.0.0
    encodeurl: ~2.0.0
    escape-html: ~1.0.3
    etag: ~1.8.1
    finalhandler: ~1.3.1
    fresh: ~0.5.2
    http-errors: ~2.0.0
    merge-descriptors: 1.0.3
    methods: ~1.1.2
    on-finished: ~2.4.1
    parseurl: ~1.3.3
    path-to-regexp: ~0.1.12
    proxy-addr: ~2.0.7
    qs: ~6.14.0
    range-parser: ~1.2.1
    safe-buffer: 5.2.1
    send: ~0.19.0
    serve-static: ~1.16.2
    setprototypeof: 1.2.0
    statuses: ~2.0.1
    type-is: ~1.6.18
    utils-merge: 1.0.1
    vary: ~1.1.2
  checksum: 38fd76585f6a2394e02d499f852fc70c94c9b1527bd5812eb5ee45c23b7f1297baaf13c55162253b14c1e36939b8401429d6594095e63d01ca77447dac72894e
  languageName: node
  linkType: hard

"fdir@npm:^6.5.0":
  version: 6.5.0
  resolution: "fdir@npm:6.5.0"
  peerDependencies:
    picomatch: ^3 || ^4
  peerDependenciesMeta:
    picomatch:
      optional: true
  checksum: bd537daa9d3cd53887eed35efa0eab2dbb1ca408790e10e024120e7a36c6e9ae2b33710cb8381e35def01bc9c1d7eaba746f886338413e68ff6ebaee07b9a6e8
  languageName: node
  linkType: hard

"file-uri-to-path@npm:1.0.0":
  version: 1.0.0
  resolution: "file-uri-to-path@npm:1.0.0"
  checksum: b648580bdd893a008c92c7ecc96c3ee57a5e7b6c4c18a9a09b44fb5d36d79146f8e442578bc0e173dc027adf3987e254ba1dfd6e3ec998b7c282873010502144
  languageName: node
  linkType: hard

"finalhandler@npm:~1.3.1":
  version: 1.3.2
  resolution: "finalhandler@npm:1.3.2"
  dependencies:
    debug: 2.6.9
    encodeurl: ~2.0.0
    escape-html: ~1.0.3
    on-finished: ~2.4.1
    parseurl: ~1.3.3
    statuses: ~2.0.2
    unpipe: ~1.0.0
  checksum: 4bce6b3e1f6998497a8ef8418bc307ef09daee05acc5a69a36da665565cbeb86218de1932e42dbf2eebf18f580053d2061eddbdeff9e312de45d46fbf4dd36ec
  languageName: node
  linkType: hard

"forwarded@npm:0.2.0":
  version: 0.2.0
  resolution: "forwarded@npm:0.2.0"
  checksum: fd27e2394d8887ebd16a66ffc889dc983fbbd797d5d3f01087c020283c0f019a7d05ee85669383d8e0d216b116d720fc0cef2f6e9b7eb9f4c90c6e0bc7fd28e6
  languageName: node
  linkType: hard

"fresh@npm:~0.5.2":
  version: 0.5.2
  resolution: "fresh@npm:0.5.2"
  checksum: 13ea8b08f91e669a64e3ba3a20eb79d7ca5379a81f1ff7f4310d54e2320645503cc0c78daedc93dfb6191287295f6479544a649c64d8e41a1c0fb0c221552346
  languageName: node
  linkType: hard

"fs-constants@npm:^1.0.0":
  version: 1.0.0
  resolution: "fs-constants@npm:1.0.0"
  checksum: 18f5b718371816155849475ac36c7d0b24d39a11d91348cfcb308b4494824413e03572c403c86d3a260e049465518c4f0d5bd00f0371cdfcad6d4f30a85b350d
  languageName: node
  linkType: hard

"function-bind@npm:^1.1.2":
  version: 1.1.2
  resolution: "function-bind@npm:1.1.2"
  checksum: 2b0ff4ce708d99715ad14a6d1f894e2a83242e4a52ccfcefaee5e40050562e5f6dafc1adbb4ce2d4ab47279a45dc736ab91ea5042d843c3c092820dfe032efb1
  languageName: node
  linkType: hard

"generator-function@npm:^2.0.0":
  version: 2.0.1
  resolution: "generator-function@npm:2.0.1"
  checksum: 3bf87f7b0230de5d74529677e6c3ceb3b7b5d9618b5a22d92b45ce3876defbaf5a77791b25a61b0fa7d13f95675b5ff67a7769f3b9af33f096e34653519e873d
  languageName: node
  linkType: hard

"get-intrinsic@npm:^1.2.5, get-intrinsic@npm:^1.3.0":
  version: 1.3.1
  resolution: "get-intrinsic@npm:1.3.1"
  dependencies:
    async-function: ^1.0.0
    async-generator-function: ^1.0.0
    call-bind-apply-helpers: ^1.0.2
    es-define-property: ^1.0.1
    es-errors: ^1.3.0
    es-object-atoms: ^1.1.1
    function-bind: ^1.1.2
    generator-function: ^2.0.0
    get-proto: ^1.0.1
    gopd: ^1.2.0
    has-symbols: ^1.1.0
    hasown: ^2.0.2
    math-intrinsics: ^1.1.0
  checksum: c02b3b6a445f9cd53e14896303794ac60f9751f58a69099127248abdb0251957174c6524245fc68579dc8e6a35161d3d94c93e665f808274716f4248b269436a
  languageName: node
  linkType: hard

"get-proto@npm:^1.0.1":
  version: 1.0.1
  resolution: "get-proto@npm:1.0.1"
  dependencies:
    dunder-proto: ^1.0.1
    es-object-atoms: ^1.0.0
  checksum: 4fc96afdb58ced9a67558698b91433e6b037aaa6f1493af77498d7c85b141382cf223c0e5946f334fb328ee85dfe6edd06d218eaf09556f4bc4ec6005d7f5f7b
  languageName: node
  linkType: hard

"github-from-package@npm:0.0.0":
  version: 0.0.0
  resolution: "github-from-package@npm:0.0.0"
  checksum: 14e448192a35c1e42efee94c9d01a10f42fe790375891a24b25261246ce9336ab9df5d274585aedd4568f7922246c2a78b8a8cd2571bfe99c693a9718e7dd0e3
  languageName: node
  linkType: hard

"gopd@npm:^1.2.0":
  version: 1.2.0
  resolution: "gopd@npm:1.2.0"
  checksum: cc6d8e655e360955bdccaca51a12a474268f95bb793fc3e1f2bdadb075f28bfd1fd988dab872daf77a61d78cbaf13744bc8727a17cfb1d150d76047d805375f3
  languageName: node
  linkType: hard

"graceful-fs@npm:^4.2.6":
  version: 4.2.11
  resolution: "graceful-fs@npm:4.2.11"
  checksum: ac85f94da92d8eb6b7f5a8b20ce65e43d66761c55ce85ac96df6865308390da45a8d3f0296dd3a663de65d30ba497bd46c696cc1e248c72b13d6d567138a4fc7
  languageName: node
  linkType: hard

"has-symbols@npm:^1.1.0":
  version: 1.1.0
  resolution: "has-symbols@npm:1.1.0"
  checksum: b2316c7302a0e8ba3aaba215f834e96c22c86f192e7310bdf689dd0e6999510c89b00fbc5742571507cebf25764d68c988b3a0da217369a73596191ac0ce694b
  languageName: node
  linkType: hard

"hasown@npm:^2.0.2":
  version: 2.0.3
  resolution: "hasown@npm:2.0.3"
  dependencies:
    function-bind: ^1.1.2
  checksum: bb06756a13dc4e6d1f45993c86c23f12d167c6c30a7dcc907aec5042300b4eb255615a0e5ed2c65014b93bf8bfcff111d991032c5c01ddefb340aa64b329bd55
  languageName: node
  linkType: hard

"http-errors@npm:~2.0.0, http-errors@npm:~2.0.1":
  version: 2.0.1
  resolution: "http-errors@npm:2.0.1"
  dependencies:
    depd: ~2.0.0
    inherits: ~2.0.4
    setprototypeof: ~1.2.0
    statuses: ~2.0.2
    toidentifier: ~1.0.1
  checksum: 155d1a100a06e4964597013109590b97540a177b69c3600bbc93efc746465a99a2b718f43cdf76b3791af994bbe3a5711002046bf668cdc007ea44cea6df7ccd
  languageName: node
  linkType: hard

"iconv-lite@npm:~0.4.24":
  version: 0.4.24
  resolution: "iconv-lite@npm:0.4.24"
  dependencies:
    safer-buffer: ">= 2.1.2 < 3"
  checksum: bd9f120f5a5b306f0bc0b9ae1edeb1577161503f5f8252a20f1a9e56ef8775c9959fd01c55f2d3a39d9a8abaf3e30c1abeb1895f367dcbbe0a8fd1c9ca01c4f6
  languageName: node
  linkType: hard

"ieee754@npm:^1.1.13":
  version: 1.2.1
  resolution: "ieee754@npm:1.2.1"
  checksum: 5144c0c9815e54ada181d80a0b810221a253562422e7c6c3a60b1901154184f49326ec239d618c416c1c5945a2e197107aee8d986a3dd836b53dffefd99b5e7e
  languageName: node
  linkType: hard

"inherits@npm:^2.0.3, inherits@npm:^2.0.4, inherits@npm:~2.0.4":
  version: 2.0.4
  resolution: "inherits@npm:2.0.4"
  checksum: 4a48a733847879d6cf6691860a6b1e3f0f4754176e4d71494c41f3475553768b10f84b5ce1d40fbd0e34e6bfbb864ee35858ad4dd2cf31e02fc4a154b724d7f1
  languageName: node
  linkType: hard

"ini@npm:~1.3.0":
  version: 1.3.8
  resolution: "ini@npm:1.3.8"
  checksum: dfd98b0ca3a4fc1e323e38a6c8eb8936e31a97a918d3b377649ea15bdb15d481207a0dda1021efbd86b464cae29a0d33c1d7dcaf6c5672bee17fa849bc50a1b3
  languageName: node
  linkType: hard

"ipaddr.js@npm:1.9.1":
  version: 1.9.1
  resolution: "ipaddr.js@npm:1.9.1"
  checksum: f88d3825981486f5a1942414c8d77dd6674dd71c065adcfa46f578d677edcb99fda25af42675cb59db492fdf427b34a5abfcde3982da11a8fd83a500b41cfe77
  languageName: node
  linkType: hard

"isexe@npm:^4.0.0":
  version: 4.0.0
  resolution: "isexe@npm:4.0.0"
  checksum: 2ead327ef596042ef9c9ec5f236b316acfaedb87f4bb61b3c3d574fb2e9c8a04b67305e04733bde52c24d9622fdebd3270aadb632adfbf9cadef88fe30f479e5
  languageName: node
  linkType: hard

"math-intrinsics@npm:^1.1.0":
  version: 1.1.0
  resolution: "math-intrinsics@npm:1.1.0"
  checksum: 0e513b29d120f478c85a70f49da0b8b19bc638975eca466f2eeae0071f3ad00454c621bf66e16dd435896c208e719fc91ad79bbfba4e400fe0b372e7c1c9c9a2
  languageName: node
  linkType: hard

"media-typer@npm:0.3.0":
  version: 0.3.0
  resolution: "media-typer@npm:0.3.0"
  checksum: af1b38516c28ec95d6b0826f6c8f276c58aec391f76be42aa07646b4e39d317723e869700933ca6995b056db4b09a78c92d5440dc23657e6764be5d28874bba1
  languageName: node
  linkType: hard

"merge-descriptors@npm:1.0.3":
  version: 1.0.3
  resolution: "merge-descriptors@npm:1.0.3"
  checksum: 52117adbe0313d5defa771c9993fe081e2d2df9b840597e966aadafde04ae8d0e3da46bac7ca4efc37d4d2b839436582659cd49c6a43eacb3fe3050896a105d1
  languageName: node
  linkType: hard

"methods@npm:~1.1.2":
  version: 1.1.2
  resolution: "methods@npm:1.1.2"
  checksum: 0917ff4041fa8e2f2fda5425a955fe16ca411591fbd123c0d722fcf02b73971ed6f764d85f0a6f547ce49ee0221ce2c19a5fa692157931cecb422984f1dcd13a
  languageName: node
  linkType: hard

"mime-db@npm:1.52.0":
  version: 1.52.0
  resolution: "mime-db@npm:1.52.0"
  checksum: 0d99a03585f8b39d68182803b12ac601d9c01abfa28ec56204fa330bc9f3d1c5e14beb049bafadb3dbdf646dfb94b87e24d4ec7b31b7279ef906a8ea9b6a513f
  languageName: node
  linkType: hard

"mime-types@npm:~2.1.24, mime-types@npm:~2.1.34":
  version: 2.1.35
  resolution: "mime-types@npm:2.1.35"
  dependencies:
    mime-db: 1.52.0
  checksum: 89a5b7f1def9f3af5dad6496c5ed50191ae4331cc5389d7c521c8ad28d5fdad2d06fd81baf38fed813dc4e46bb55c8145bb0ff406330818c9cf712fb2e9b3836
  languageName: node
  linkType: hard

"mime@npm:1.6.0":
  version: 1.6.0
  resolution: "mime@npm:1.6.0"
  bin:
    mime: cli.js
  checksum: fef25e39263e6d207580bdc629f8872a3f9772c923c7f8c7e793175cee22777bbe8bba95e5d509a40aaa292d8974514ce634ae35769faa45f22d17edda5e8557
  languageName: node
  linkType: hard

"mimic-response@npm:^3.1.0":
  version: 3.1.0
  resolution: "mimic-response@npm:3.1.0"
  checksum: 25739fee32c17f433626bf19f016df9036b75b3d84a3046c7d156e72ec963dd29d7fc8a302f55a3d6c5a4ff24259676b15d915aad6480815a969ff2ec0836867
  languageName: node
  linkType: hard

"minimist@npm:^1.2.0, minimist@npm:^1.2.3":
  version: 1.2.8
  resolution: "minimist@npm:1.2.8"
  checksum: 75a6d645fb122dad29c06a7597bddea977258957ed88d7a6df59b5cd3fe4a527e253e9bbf2e783e4b73657f9098b96a5fe96ab8a113655d4109108577ecf85b0
  languageName: node
  linkType: hard

"minipass@npm:^7.0.4, minipass@npm:^7.1.2":
  version: 7.1.3
  resolution: "minipass@npm:7.1.3"
  checksum: 2ede17c0bf8fec499be3360fd07f0ec7666189e3907320a9b653f1530cf84af98928c5b12d80bfb75f321833bf2e97785b940540213ebdafe97a5f10327e664d
  languageName: node
  linkType: hard

"minizlib@npm:^3.1.0":
  version: 3.1.0
  resolution: "minizlib@npm:3.1.0"
  dependencies:
    minipass: ^7.1.2
  checksum: a15e6f0128f514b7d41a1c68ce531155447f4669e32d279bba1c1c071ef6c2abd7e4d4579bb59ccc2ed1531346749665968fdd7be8d83eb6b6ae2fe1f3d370a7
  languageName: node
  linkType: hard

"mkdirp-classic@npm:^0.5.2, mkdirp-classic@npm:^0.5.3":
  version: 0.5.3
  resolution: "mkdirp-classic@npm:0.5.3"
  checksum: 3f4e088208270bbcc148d53b73e9a5bd9eef05ad2cbf3b3d0ff8795278d50dd1d11a8ef1875ff5aea3fa888931f95bfcb2ad5b7c1061cfefd6284d199e6776ac
  languageName: node
  linkType: hard

"ms@npm:2.0.0":
  version: 2.0.0
  resolution: "ms@npm:2.0.0"
  checksum: 0e6a22b8b746d2e0b65a430519934fefd41b6db0682e3477c10f60c76e947c4c0ad06f63ffdf1d78d335f83edee8c0aa928aa66a36c7cd95b69b26f468d527f4
  languageName: node
  linkType: hard

"ms@npm:2.1.3":
  version: 2.1.3
  resolution: "ms@npm:2.1.3"
  checksum: aa92de608021b242401676e35cfa5aa42dd70cbdc082b916da7fb925c542173e36bce97ea3e804923fe92c0ad991434e4a38327e15a1b5b5f945d66df615ae6d
  languageName: node
  linkType: hard

"napi-build-utils@npm:^2.0.0":
  version: 2.0.0
  resolution: "napi-build-utils@npm:2.0.0"
  checksum: 532121efd2dd2272595580bca48859e404bdd4ed455a72a28432ba44868c38d0e64fac3026a8f82bf8563d2a18b32eb9a1d59e601a9da4e84ba4d45b922297f5
  languageName: node
  linkType: hard

"negotiator@npm:0.6.3":
  version: 0.6.3
  resolution: "negotiator@npm:0.6.3"
  checksum: b8ffeb1e262eff7968fc90a2b6767b04cfd9842582a9d0ece0af7049537266e7b2506dfb1d107a32f06dd849ab2aea834d5830f7f4d0e5cb7d36e1ae55d021d9
  languageName: node
  linkType: hard

"node-abi@npm:^3.3.0":
  version: 3.90.0
  resolution: "node-abi@npm:3.90.0"
  dependencies:
    semver: ^7.3.5
  checksum: 5399ec5b6a0769090fb32bc101989e1289d4115d9c9d95d6208d0ed7c319a72208443e612cab24faa633e857a534b04c19c67e29ccebc1fade45cc878482f88e
  languageName: node
  linkType: hard

"node-gyp@npm:latest":
  version: 12.3.0
  resolution: "node-gyp@npm:12.3.0"
  dependencies:
    env-paths: ^2.2.0
    exponential-backoff: ^3.1.1
    graceful-fs: ^4.2.6
    nopt: ^9.0.0
    proc-log: ^6.0.0
    semver: ^7.3.5
    tar: ^7.5.4
    tinyglobby: ^0.2.12
    undici: ^6.25.0
    which: ^6.0.0
  bin:
    node-gyp: bin/node-gyp.js
  checksum: b02e8776908a83f25b8df88f0b79c46b425f9b7f442ebe3c4a50b9820128c1b44df6b386214c73d509964995d820edbda94bb0c811b6b60a686231afb699acf7
  languageName: node
  linkType: hard

"nopt@npm:^9.0.0":
  version: 9.0.0
  resolution: "nopt@npm:9.0.0"
  dependencies:
    abbrev: ^4.0.0
  bin:
    nopt: bin/nopt.js
  checksum: 7a5d9ab0629eaec1944a95438cc4efa6418ed2834aa8eb21a1bea579a7d8ac3e30120131855376a96ef59ab0e23ad8e0bc94d3349770a95e5cb7119339f7c7fb
  languageName: node
  linkType: hard

"object-inspect@npm:^1.13.3, object-inspect@npm:^1.13.4":
  version: 1.13.4
  resolution: "object-inspect@npm:1.13.4"
  checksum: 582810c6a8d2ef988ea0a39e69e115a138dad8f42dd445383b394877e5816eb4268489f316a6f74ee9c4e0a984b3eab1028e3e79d62b1ed67c726661d55c7a8b
  languageName: node
  linkType: hard

"on-finished@npm:~2.4.1":
  version: 2.4.1
  resolution: "on-finished@npm:2.4.1"
  dependencies:
    ee-first: 1.1.1
  checksum: d20929a25e7f0bb62f937a425b5edeb4e4cde0540d77ba146ec9357f00b0d497cdb3b9b05b9c8e46222407d1548d08166bff69cc56dfa55ba0e4469228920ff0
  languageName: node
  linkType: hard

"once@npm:^1.3.1, once@npm:^1.4.0":
  version: 1.4.0
  resolution: "once@npm:1.4.0"
  dependencies:
    wrappy: 1
  checksum: cd0a88501333edd640d95f0d2700fbde6bff20b3d4d9bdc521bdd31af0656b5706570d6c6afe532045a20bb8dc0849f8332d6f2a416e0ba6d3d3b98806c7db68
  languageName: node
  linkType: hard

"parseurl@npm:~1.3.3":
  version: 1.3.3
  resolution: "parseurl@npm:1.3.3"
  checksum: 407cee8e0a3a4c5cd472559bca8b6a45b82c124e9a4703302326e9ab60fc1081442ada4e02628efef1eb16197ddc7f8822f5a91fd7d7c86b51f530aedb17dfa2
  languageName: node
  linkType: hard

"path-to-regexp@npm:~0.1.12":
  version: 0.1.13
  resolution: "path-to-regexp@npm:0.1.13"
  checksum: 0bf61c6068a0d92dbd3c2f4b24a9b8f153be2d8ec13c99bb7a45f31e5f7e153b91811e63b895ac9e0942ae16890ee15526e842f6f1b4920aa01335f94f6ce58e
  languageName: node
  linkType: hard

"picomatch@npm:^4.0.4":
  version: 4.0.4
  resolution: "picomatch@npm:4.0.4"
  checksum: 76b387b5157951422fa6049a96bdd1695e39dd126cd99df34d343638dc5cdb8bcdc83fff288c23eddcf7c26657c35e3173d4d5f488c4f28b889b314472e0a662
  languageName: node
  linkType: hard

"pompelmi@npm:^1.11.0":
  version: 1.11.0
  resolution: "pompelmi@npm:1.11.0"
  checksum: 5af4923b2d98831571e67e67caf5895870be72a5e87a767f3c2ccb0b00648569f8d63205bba9be067dac4a5a74516bbd9b29f4df8e3c7965e150b70c9ef1811c
  languageName: node
  linkType: hard

"prebuild-install@npm:^7.1.1":
  version: 7.1.3
  resolution: "prebuild-install@npm:7.1.3"
  dependencies:
    detect-libc: ^2.0.0
    expand-template: ^2.0.3
    github-from-package: 0.0.0
    minimist: ^1.2.3
    mkdirp-classic: ^0.5.3
    napi-build-utils: ^2.0.0
    node-abi: ^3.3.0
    pump: ^3.0.0
    rc: ^1.2.7
    simple-get: ^4.0.0
    tar-fs: ^2.0.0
    tunnel-agent: ^0.6.0
  bin:
    prebuild-install: bin.js
  checksum: 300740ca415e9ddbf2bd363f1a6d2673cc11dd0665c5ec431bbb5bf024c2f13c56791fb939ce2b2a2c12f2d2a09c91316169e8063a80eb4482a44b8fe5b265e1
  languageName: node
  linkType: hard

"proc-log@npm:^6.0.0":
  version: 6.1.0
  resolution: "proc-log@npm:6.1.0"
  checksum: ac450ff8244e95b0c9935b52d629fef92ae69b7e39aea19972a8234259614d644402dd62ce9cb094f4a637d8a4514cba90c1456ad785a40ad5b64d502875a817
  languageName: node
  linkType: hard

"proxy-addr@npm:~2.0.7":
  version: 2.0.7
  resolution: "proxy-addr@npm:2.0.7"
  dependencies:
    forwarded: 0.2.0
    ipaddr.js: 1.9.1
  checksum: 29c6990ce9364648255454842f06f8c46fcd124d3e6d7c5066df44662de63cdc0bad032e9bf5a3d653ff72141cc7b6019873d685708ac8210c30458ad99f2b74
  languageName: node
  linkType: hard

"pump@npm:^3.0.0":
  version: 3.0.4
  resolution: "pump@npm:3.0.4"
  dependencies:
    end-of-stream: ^1.1.0
    once: ^1.3.1
  checksum: d043c3e710c56ffd280711e98a94e863ab334f79ea43cee0fb70e1349b2355ffd2ff287c7522e4c960a247699d5b7825f00fa090b85d6179c973be13f78a6c49
  languageName: node
  linkType: hard

"qs@npm:~6.14.0":
  version: 6.14.2
  resolution: "qs@npm:6.14.2"
  dependencies:
    side-channel: ^1.1.0
  checksum: e613d0b8d02cec33c20d1a6015ec2a5db614bf3dd2ffd9bde08bc34a76419213f291c91fb00519a3d8a74e4727f565b350f8394f9d381bc64e6da663d9e031d4
  languageName: node
  linkType: hard

"qs@npm:~6.15.1":
  version: 6.15.1
  resolution: "qs@npm:6.15.1"
  dependencies:
    side-channel: ^1.1.0
  checksum: 777eb585b886ebf5c8e499a736c64505748169e6fa0ef1409f351986837f64aebb7b9b06bcf469e2b9b508d760515ed0d2089a7ae8334feea0ec0caebc08f9f6
  languageName: node
  linkType: hard

"range-parser@npm:~1.2.1":
  version: 1.2.1
  resolution: "range-parser@npm:1.2.1"
  checksum: 0a268d4fea508661cf5743dfe3d5f47ce214fd6b7dec1de0da4d669dd4ef3d2144468ebe4179049eff253d9d27e719c88dae55be64f954e80135a0cada804ec9
  languageName: node
  linkType: hard

"raw-body@npm:~2.5.3":
  version: 2.5.3
  resolution: "raw-body@npm:2.5.3"
  dependencies:
    bytes: ~3.1.2
    http-errors: ~2.0.1
    iconv-lite: ~0.4.24
    unpipe: ~1.0.0
  checksum: 16aa51e504318ebeef7f84a4d884c0f273cb0b7f3f14ea88788f92f5f488870617c97d4f886e84f119f21a2d6cdda3c4554821f8b18ed6be0d731ecb5a063d2a
  languageName: node
  linkType: hard

"rc@npm:^1.2.7":
  version: 1.2.8
  resolution: "rc@npm:1.2.8"
  dependencies:
    deep-extend: ^0.6.0
    ini: ~1.3.0
    minimist: ^1.2.0
    strip-json-comments: ~2.0.1
  bin:
    rc: ./cli.js
  checksum: 2e26e052f8be2abd64e6d1dabfbd7be03f80ec18ccbc49562d31f617d0015fbdbcf0f9eed30346ea6ab789e0fdfe4337f033f8016efdbee0df5354751842080e
  languageName: node
  linkType: hard

"readable-stream@npm:^3.1.1, readable-stream@npm:^3.4.0":
  version: 3.6.2
  resolution: "readable-stream@npm:3.6.2"
  dependencies:
    inherits: ^2.0.3
    string_decoder: ^1.1.1
    util-deprecate: ^1.0.1
  checksum: bdcbe6c22e846b6af075e32cf8f4751c2576238c5043169a1c221c92ee2878458a816a4ea33f4c67623c0b6827c8a400409bfb3cf0bf3381392d0b1dfb52ac8d
  languageName: node
  linkType: hard

"readdirp@npm:^5.0.0":
  version: 5.0.0
  resolution: "readdirp@npm:5.0.0"
  checksum: 3c8ddf1a08fa0adf8f14685a373dd205ada0f2de980e7e77f9846026f331acbc6035040ba204d22b368a0dc8eb7bee2d737fb19f398d73c716c510ce3b2e5583
  languageName: node
  linkType: hard

"safe-buffer@npm:5.2.1, safe-buffer@npm:^5.0.1, safe-buffer@npm:~5.2.0":
  version: 5.2.1
  resolution: "safe-buffer@npm:5.2.1"
  checksum: b99c4b41fdd67a6aaf280fcd05e9ffb0813654894223afb78a31f14a19ad220bba8aba1cb14eddce1fcfb037155fe6de4e861784eb434f7d11ed58d1e70dd491
  languageName: node
  linkType: hard

"safer-buffer@npm:>= 2.1.2 < 3":
  version: 2.1.2
  resolution: "safer-buffer@npm:2.1.2"
  checksum: cab8f25ae6f1434abee8d80023d7e72b598cf1327164ddab31003c51215526801e40b66c5e65d658a0af1e9d6478cadcb4c745f4bd6751f97d8644786c0978b0
  languageName: node
  linkType: hard

"semver@npm:^7.3.5":
  version: 7.7.4
  resolution: "semver@npm:7.7.4"
  bin:
    semver: bin/semver.js
  checksum: 9b4a6a58e98b9723fafcafa393c9d4e8edefaa60b8dfbe39e30892a3604cf1f45f52df9cfb1ae1a22b44c8b3d57fec8a9bb7b3e1645431587cb272399ede152e
  languageName: node
  linkType: hard

"send@npm:~0.19.0, send@npm:~0.19.1":
  version: 0.19.2
  resolution: "send@npm:0.19.2"
  dependencies:
    debug: 2.6.9
    depd: 2.0.0
    destroy: 1.2.0
    encodeurl: ~2.0.0
    escape-html: ~1.0.3
    etag: ~1.8.1
    fresh: ~0.5.2
    http-errors: ~2.0.1
    mime: 1.6.0
    ms: 2.1.3
    on-finished: ~2.4.1
    range-parser: ~1.2.1
    statuses: ~2.0.2
  checksum: f9e11b718b48dbea72daa6a80e36e5a00fb6d01b1a6cfda8b3135c9ca9db84257738283da23371f437148ccd8f400e6171cd2a3642fb43fda462da407d9d30c0
  languageName: node
  linkType: hard

"serve-static@npm:~1.16.2":
  version: 1.16.3
  resolution: "serve-static@npm:1.16.3"
  dependencies:
    encodeurl: ~2.0.0
    escape-html: ~1.0.3
    parseurl: ~1.3.3
    send: ~0.19.1
  checksum: ec7599540215e6676b223ea768bf7c256819180bf14f89d0b5d249a61bbb8f10b05b2a53048a153cb2cc7f3b367f1227d2fb715fe4b09d07299a9233eda1a453
  languageName: node
  linkType: hard

"setprototypeof@npm:1.2.0, setprototypeof@npm:~1.2.0":
  version: 1.2.0
  resolution: "setprototypeof@npm:1.2.0"
  checksum: be18cbbf70e7d8097c97f713a2e76edf84e87299b40d085c6bf8b65314e994cc15e2e317727342fa6996e38e1f52c59720b53fe621e2eb593a6847bf0356db89
  languageName: node
  linkType: hard

"side-channel-list@npm:^1.0.0":
  version: 1.0.1
  resolution: "side-channel-list@npm:1.0.1"
  dependencies:
    es-errors: ^1.3.0
    object-inspect: ^1.13.4
  checksum: 3499671cd52adaee739eac1e14d07530b8e3530192741aeb05e7fe4ad1b51d1368ceea2cd3c21b0f62b05410a5c70a7c4d997ba4b143303ef73d0c65dfd1c252
  languageName: node
  linkType: hard

"side-channel-map@npm:^1.0.1":
  version: 1.0.1
  resolution: "side-channel-map@npm:1.0.1"
  dependencies:
    call-bound: ^1.0.2
    es-errors: ^1.3.0
    get-intrinsic: ^1.2.5
    object-inspect: ^1.13.3
  checksum: 42501371cdf71f4ccbbc9c9e2eb00aaaab80a4c1c429d5e8da713fd4d39ef3b8d4a4b37ed4f275798a65260a551a7131fd87fe67e922dba4ac18586d6aab8b06
  languageName: node
  linkType: hard

"side-channel-weakmap@npm:^1.0.2":
  version: 1.0.2
  resolution: "side-channel-weakmap@npm:1.0.2"
  dependencies:
    call-bound: ^1.0.2
    es-errors: ^1.3.0
    get-intrinsic: ^1.2.5
    object-inspect: ^1.13.3
    side-channel-map: ^1.0.1
  checksum: a815c89bc78c5723c714ea1a77c938377ea710af20d4fb886d362b0d1f8ac73a17816a5f6640f354017d7e292a43da9c5e876c22145bac00b76cfb3468001736
  languageName: node
  linkType: hard

"side-channel@npm:^1.1.0":
  version: 1.1.0
  resolution: "side-channel@npm:1.1.0"
  dependencies:
    es-errors: ^1.3.0
    object-inspect: ^1.13.3
    side-channel-list: ^1.0.0
    side-channel-map: ^1.0.1
    side-channel-weakmap: ^1.0.2
  checksum: bf73d6d6682034603eb8e99c63b50155017ed78a522d27c2acec0388a792c3ede3238b878b953a08157093b85d05797217d270b7666ba1f111345fbe933380ff
  languageName: node
  linkType: hard

"simple-concat@npm:^1.0.0":
  version: 1.0.1
  resolution: "simple-concat@npm:1.0.1"
  checksum: 4d211042cc3d73a718c21ac6c4e7d7a0363e184be6a5ad25c8a1502e49df6d0a0253979e3d50dbdd3f60ef6c6c58d756b5d66ac1e05cda9cacd2e9fc59e3876a
  languageName: node
  linkType: hard

"simple-get@npm:^4.0.0":
  version: 4.0.1
  resolution: "simple-get@npm:4.0.1"
  dependencies:
    decompress-response: ^6.0.0
    once: ^1.3.1
    simple-concat: ^1.0.0
  checksum: e4132fd27cf7af230d853fa45c1b8ce900cb430dd0a3c6d3829649fe4f2b26574c803698076c4006450efb0fad2ba8c5455fbb5755d4b0a5ec42d4f12b31d27e
  languageName: node
  linkType: hard

"statuses@npm:~2.0.1, statuses@npm:~2.0.2":
  version: 2.0.2
  resolution: "statuses@npm:2.0.2"
  checksum: 6927feb50c2a75b2a4caab2c565491f7a93ad3d8dbad7b1398d52359e9243a20e2ebe35e33726dee945125ef7a515e9097d8a1b910ba2bbd818265a2f6c39879
  languageName: node
  linkType: hard

"string_decoder@npm:^1.1.1":
  version: 1.3.0
  resolution: "string_decoder@npm:1.3.0"
  dependencies:
    safe-buffer: ~5.2.0
  checksum: 8417646695a66e73aefc4420eb3b84cc9ffd89572861fe004e6aeb13c7bc00e2f616247505d2dbbef24247c372f70268f594af7126f43548565c68c117bdeb56
  languageName: node
  linkType: hard

"strip-json-comments@npm:~2.0.1":
  version: 2.0.1
  resolution: "strip-json-comments@npm:2.0.1"
  checksum: 1074ccb63270d32ca28edfb0a281c96b94dc679077828135141f27d52a5a398ef5e78bcf22809d23cadc2b81dfbe345eb5fd8699b385c8b1128907dec4a7d1e1
  languageName: node
  linkType: hard

"tar-fs@npm:^2.0.0":
  version: 2.1.4
  resolution: "tar-fs@npm:2.1.4"
  dependencies:
    chownr: ^1.1.1
    mkdirp-classic: ^0.5.2
    pump: ^3.0.0
    tar-stream: ^2.1.4
  checksum: a9e18e2e6114b8ac2568d7c2b42d006b1fe30d83957e4e75ba2361a889c2fc54e54236476782d06494e081358a393feacdf19311df12b3056c8a64dc1f7ed309
  languageName: node
  linkType: hard

"tar-stream@npm:^2.1.4":
  version: 2.2.0
  resolution: "tar-stream@npm:2.2.0"
  dependencies:
    bl: ^4.0.3
    end-of-stream: ^1.4.1
    fs-constants: ^1.0.0
    inherits: ^2.0.3
    readable-stream: ^3.1.1
  checksum: 699831a8b97666ef50021c767f84924cfee21c142c2eb0e79c63254e140e6408d6d55a065a2992548e72b06de39237ef2b802b99e3ece93ca3904a37622a66f3
  languageName: node
  linkType: hard

"tar@npm:^7.5.4":
  version: 7.5.13
  resolution: "tar@npm:7.5.13"
  dependencies:
    "@isaacs/fs-minipass": ^4.0.0
    chownr: ^3.0.0
    minipass: ^7.1.2
    minizlib: ^3.1.0
    yallist: ^5.0.0
  checksum: adcc2a9179dab1b36ecb26575e698d2df8491a1df2cc83e2a0fdd8eaefd076da60dd2e20383a37760b5790bee34e9291aa2b2a9b3deef37ff03c1046219e5df7
  languageName: node
  linkType: hard

"tinyglobby@npm:^0.2.12":
  version: 0.2.16
  resolution: "tinyglobby@npm:0.2.16"
  dependencies:
    fdir: ^6.5.0
    picomatch: ^4.0.4
  checksum: db9d22ce1deb1095720a683c492cd5e80da0f71fed21ed697e2752f6f298edd8a1249dab197c86a26f001c180594a81bf532400fe519791ed2a2cb57b03bc337
  languageName: node
  linkType: hard

"toidentifier@npm:~1.0.1":
  version: 1.0.1
  resolution: "toidentifier@npm:1.0.1"
  checksum: 952c29e2a85d7123239b5cfdd889a0dde47ab0497f0913d70588f19c53f7e0b5327c95f4651e413c74b785147f9637b17410ac8c846d5d4a20a5a33eb6dc3a45
  languageName: node
  linkType: hard

"tunnel-agent@npm:^0.6.0":
  version: 0.6.0
  resolution: "tunnel-agent@npm:0.6.0"
  dependencies:
    safe-buffer: ^5.0.1
  checksum: 05f6510358f8afc62a057b8b692f05d70c1782b70db86d6a1e0d5e28a32389e52fa6e7707b6c5ecccacc031462e4bc35af85ecfe4bbc341767917b7cf6965711
  languageName: node
  linkType: hard

"type-is@npm:~1.6.18":
  version: 1.6.18
  resolution: "type-is@npm:1.6.18"
  dependencies:
    media-typer: 0.3.0
    mime-types: ~2.1.24
  checksum: 2c8e47675d55f8b4e404bcf529abdf5036c537a04c2b20177bcf78c9e3c1da69da3942b1346e6edb09e823228c0ee656ef0e033765ec39a70d496ef601a0c657
  languageName: node
  linkType: hard

"typescript@npm:5.2.2":
  version: 5.2.2
  resolution: "typescript@npm:5.2.2"
  bin:
    tsc: bin/tsc
    tsserver: bin/tsserver
  checksum: 7912821dac4d962d315c36800fe387cdc0a6298dba7ec171b350b4a6e988b51d7b8f051317786db1094bd7431d526b648aba7da8236607febb26cf5b871d2d3c
  languageName: node
  linkType: hard

"typescript@patch:typescript@5.2.2#~builtin<compat/typescript>":
  version: 5.2.2
  resolution: "typescript@patch:typescript@npm%3A5.2.2#~builtin<compat/typescript>::version=5.2.2&hash=f3b441"
  bin:
    tsc: bin/tsc
    tsserver: bin/tsserver
  checksum: 0f4da2f15e6f1245e49db15801dbee52f2bbfb267e1c39225afdab5afee1a72839cd86000e65ee9d7e4dfaff12239d28beaf5ee431357fcced15fb08583d72ca
  languageName: node
  linkType: hard

"undici-types@npm:~7.18.0":
  version: 7.18.2
  resolution: "undici-types@npm:7.18.2"
  checksum: 23da306c8366574adec305b06a8519ab5c7d09e3f5d16c1a98709a34fae17da09ec95198f30f86c00055e02efa8bfcc843e84e8aebeb9b8d6bb3e06afccae07a
  languageName: node
  linkType: hard

"undici-types@npm:~7.19.0":
  version: 7.19.2
  resolution: "undici-types@npm:7.19.2"
  checksum: f721026160e1f068a982401d0272b872819c335a2f64783c235ddd37a65ccd94327ec24489cee4556d57c77c14bd68ced60efa5def11cf11e3991f5ebf5e0e72
  languageName: node
  linkType: hard

"undici@npm:^6.25.0":
  version: 6.25.0
  resolution: "undici@npm:6.25.0"
  checksum: aed372e1b0f16045696c878e46b03e97dfd1c6dd650fb2355d48adeecc730c990ab15ab2de5a5855dbfe04c9af403a3d4f702234d3e25e72c475d1fb3a72fcfe
  languageName: node
  linkType: hard

"unpipe@npm:~1.0.0":
  version: 1.0.0
  resolution: "unpipe@npm:1.0.0"
  checksum: 4fa18d8d8d977c55cb09715385c203197105e10a6d220087ec819f50cb68870f02942244f1017565484237f1f8c5d3cd413631b1ae104d3096f24fdfde1b4aa2
  languageName: node
  linkType: hard

"util-deprecate@npm:^1.0.1":
  version: 1.0.2
  resolution: "util-deprecate@npm:1.0.2"
  checksum: 474acf1146cb2701fe3b074892217553dfcf9a031280919ba1b8d651a068c9b15d863b7303cb15bd00a862b498e6cf4ad7b4a08fb134edd5a6f7641681cb54a2
  languageName: node
  linkType: hard

"utils-merge@npm:1.0.1":
  version: 1.0.1
  resolution: "utils-merge@npm:1.0.1"
  checksum: c81095493225ecfc28add49c106ca4f09cdf56bc66731aa8dabc2edbbccb1e1bfe2de6a115e5c6a380d3ea166d1636410b62ef216bb07b3feb1cfde1d95d5080
  languageName: node
  linkType: hard

"vary@npm:~1.1.2":
  version: 1.1.2
  resolution: "vary@npm:1.1.2"
  checksum: ae0123222c6df65b437669d63dfa8c36cee20a504101b2fcd97b8bf76f91259c17f9f2b4d70a1e3c6bbcee7f51b28392833adb6b2770b23b01abec84e369660b
  languageName: node
  linkType: hard

"watcher@workspace:.":
  version: 0.0.0-use.local
  resolution: "watcher@workspace:."
  dependencies:
    "@types/express": ^4.17.21
    "@types/node": 25.5.0
    better-sqlite3: ^11.8.1
    chokidar: 5.0.0
    express: ^4.21.2
    pompelmi: ^1.11.0
    typescript: 5.2.2
  languageName: unknown
  linkType: soft

"which@npm:^6.0.0":
  version: 6.0.1
  resolution: "which@npm:6.0.1"
  dependencies:
    isexe: ^4.0.0
  bin:
    node-which: bin/which.js
  checksum: dbea77c7d3058bf6c78bf9659d2dce4d2b57d39a15b826b2af6ac2e5a219b99dc8a831b79fdbc453c0598adb4f3f84cf9c2491fd52beb9f5d2dececcad117f68
  languageName: node
  linkType: hard

"wrappy@npm:1":
  version: 1.0.2
  resolution: "wrappy@npm:1.0.2"
  checksum: 159da4805f7e84a3d003d8841557196034155008f817172d4e986bd591f74aa82aa7db55929a54222309e01079a65a92a9e6414da5a6aa4b01ee44a511ac3ee5
  languageName: node
  linkType: hard

"yallist@npm:^5.0.0":
  version: 5.0.0
  resolution: "yallist@npm:5.0.0"
  checksum: eba51182400b9f35b017daa7f419f434424410691bbc5de4f4240cc830fdef906b504424992700dc047f16b4d99100a6f8b8b11175c193f38008e9c96322b6a5
  languageName: node
  linkType: hard
